
Microsoft Visual Studio Solution File, Format Version 12.00
# Visual Studio Version 17
VisualStudioVersion = 17.8.34408.163
MinimumVisualStudioVersion = 10.0.40219.1
Project("{8BC9CEB8-8B4A-11D0-8D11-00A0C91BC942}") = "Password", "Password\Password.vcxproj", "{22DAB414-57B1-44FC-9722-0D95E84C2A1D}"
EndProject
Global
	GlobalSection(SolutionConfigurationPlatforms) = preSolution
		Debug|x64 = Debug|x64
		Debug|x86 = Debug|x86
		Release|x64 = Release|x64
		Release|x86 = Release|x86
	EndGlobalSection
	GlobalSection(ProjectConfigurationPlatforms) = postSolution
		{22DAB414-57B1-44FC-9722-0D95E84C2A1D}.Debug|x64.ActiveCfg = Debug|x64
		{22DAB414-57B1-44FC-9722-0D95E84C2A1D}.Debug|x64.Build.0 = Debug|x64
		{22DAB414-57B1-44FC-9722-0D95E84C2A1D}.Debug|x86.ActiveCfg = Debug|Win32
		{22DAB414-57B1-44FC-9722-0D95E84C2A1D}.Debug|x86.Build.0 = Debug|Win32
		{22DAB414-57B1-44FC-9722-0D95E84C2A1D}.Release|x64.ActiveCfg = Release|x64
		{22DAB414-57B1-44FC-9722-0D95E84C2A1D}.Release|x64.Build.0 = Release|x64
		{22DAB414-57B1-44FC-9722-0D95E84C2A1D}.Release|x86.ActiveCfg = Release|Win32
		{22DAB414-57B1-44FC-9722-0D95E84C2A1D}.Release|x86.Build.0 = Release|Win32
	EndGlobalSection
	GlobalSection(SolutionProperties) = preSolution
		HideSolutionNode = FALSE
	EndGlobalSection
	GlobalSection(ExtensibilityGlobals) = postSolution
		SolutionGuid = {21581B48-2ABE-4C5D-8D18-FFB565F1E18D}
	EndGlobalSection
EndGlobal
